// !$*UTF8*$!
{
	archiveVersion = 1;
	classes = {
	};
	objectVersion = 77;
	objects = {

/* Begin PBXContainerItemProxy section */
		CB20711A2D94CC6D0007322C /* PBXContainerItemProxy */ = {
			isa = PBXContainerItemProxy;
			containerPortal = CB2071012D94CC6C0007322C /* Project object */;
			proxyType = 1;
			remoteGlobalIDString = CB2071082D94CC6C0007322C;
			remoteInfo = dining_hall_collector;
		};
		CB2071242D94CC6D0007322C /* PBXContainerItemProxy */ = {
			isa = PBXContainerItemProxy;
			containerPortal = CB2071012D94CC6C0007322C /* Project object */;
			proxyType = 1;
			remoteGlobalIDString = CB2071082D94CC6C0007322C;
			remoteInfo = dining_hall_collector;
		};
/* End PBXContainerItemProxy section */

/* Begin PBXFileReference section */
		CB2071092D94CC6C0007322C /* dining_hall_collector.app */ = {isa = PBXFileReference; explicitFileType = wrapper.application; includeInIndex = 0; path = dining_hall_collector.app; sourceTree = BUILT_PRODUCTS_DIR; };
		CB2071192D94CC6D0007322C /* dining_hall_collectorTests.xctest */ = {isa = PBXFileReference; explicitFileType = wrapper.cfbundle; includeInIndex = 0; path = dining_hall_collectorTests.xctest; sourceTree = BUILT_PRODUCTS_DIR; };
		CB2071232D94CC6D0007322C /* dining_hall_collectorUITests.xctest */ = {isa = PBXFileReference; explicitFileType = wrapper.cfbundle; includeInIndex = 0; path = dining_hall_collectorUITests.xctest; sourceTree = BUILT_PRODUCTS_DIR; };
/* End PBXFileReference section */

/* Begin PBXFileSystemSynchronizedRootGroup section */
		CB20710B2D94CC6C0007322C /* dining_hall_collector */ = {
			isa = PBXFileSystemSynchronizedRootGroup;
			path = dining_hall_collector;
			sourceTree = "<group>";
		};
		CB20711C2D94CC6D0007322C /* dining_hall_collectorTests */ = {
			isa = PBXFileSystemSynchronizedRootGroup;
			path = dining_hall_collectorTests;
			sourceTree = "<group>";
		};
		CB2071262D94CC6D0007322C /* dining_hall_collectorUITests */ = {
			isa = PBXFileSystemSynchronizedRootGroup;
			path = dining_hall_collectorUITests;
			sourceTree = "<group>";
		};
/* End PBXFileSystemSynchronizedRootGroup section */

/* Begin PBXFrameworksBuildPhase section */
		CB2071062D94CC6C0007322C /* Frameworks */ = {
			isa = PBXFrameworksBuildPhase;
			buildActionMask = 2147483647;
			files = (
			);
			runOnlyForDeploymentPostprocessing = 0;
		};
		CB2071162D94CC6D0007322C /* Frameworks */ = {
			isa = PBXFrameworksBuildPhase;
			buildActionMask = 2147483647;
			files = (
			);
			runOnlyForDeploymentPostprocessing = 0;
		};
		CB2071202D94CC6D0007322C /* Frameworks */ = {
			isa = PBXFrameworksBuildPhase;
			buildActionMask = 2147483647;
			files = (
			);
			runOnlyForDeploymentPostprocessing = 0;
		};
/* End PBXFrameworksBuildPhase section */

/* Begin PBXGroup section */
		CB2071002D94CC6C0007322C = {
			isa = PBXGroup;
			children = (
				CB20710B2D94CC6C0007322C /* dining_hall_collector */,
				CB20711C2D94CC6D0007322C /* dining_hall_collectorTests */,
				CB2071262D94CC6D0007322C /* dining_hall_collectorUITests */,
				CB20710A2D94CC6C0007322C /* Products */,
			);
			sourceTree = "<group>";
		};
		CB20710A2D94CC6C0007322C /* Products */ = {
			isa = PBXGroup;
			children = (
				CB2071092D94CC6C0007322C /* dining_hall_collector.app */,
				CB2071192D94CC6D0007322C /* dining_hall_collectorTests.xctest */,
				CB2071232D94CC6D0007322C /* dining_hall_collectorUITests.xctest */,
			);
			name = Products;
			sourceTree = "<group>";
		};
/* End PBXGroup section */

/* Begin PBXNativeTarget section */
		CB2071082D94CC6C0007322C /* dining_hall_collector */ = {
			isa = PBXNativeTarget;
			buildConfigurationList = CB20712D2D94CC6D0007322C /* Build configuration list for PBXNativeTarget "dining_hall_collector" */;
			buildPhases = (
				CB2071052D94CC6C0007322C /* Sources */,
				CB2071062D94CC6C0007322C /* Frameworks */,
				CB2071072D94CC6C0007322C /* Resources */,
			);
			buildRules = (
			);
			dependencies = (
			);
			fileSystemSynchronizedGroups = (
				CB20710B2D94CC6C0007322C /* dining_hall_collector */,
			);
			name = dining_hall_collector;
			packageProductDependencies = (
			);
			productName = dining_hall_collector;
			productReference = CB2071092D94CC6C0007322C /* dining_hall_collector.app */;
			productType = "com.apple.product-type.application";
		};
		CB2071182D94CC6D0007322C /* dining_hall_collectorTests */ = {
			isa = PBXNativeTarget;
			buildConfigurationList = CB2071302D94CC6D0007322C /* Build configuration list for PBXNativeTarget "dining_hall_collectorTests" */;
			buildPhases = (
				CB2071152D94CC6D0007322C /* Sources */,
				CB2071162D94CC6D0007322C /* Frameworks */,
				CB2071172D94CC6D0007322C /* Resources */,
			);
			buildRules = (
			);
			dependencies = (
				CB20711B2D94CC6D0007322C /* PBXTargetDependency */,
			);
			fileSystemSynchronizedGroups = (
				CB20711C2D94CC6D0007322C /* dining_hall_collectorTests */,
			);
			name = dining_hall_collectorTests;
			packageProductDependencies = (
			);
			productName = dining_hall_collectorTests;
			productReference = CB2071192D94CC6D0007322C /* dining_hall_collectorTests.xctest */;
			productType = "com.apple.product-type.bundle.unit-test";
		};
		CB2071222D94CC6D0007322C /* dining_hall_collectorUITests */ = {
			isa = PBXNativeTarget;
			buildConfigurationList = CB2071332D94CC6D0007322C /* Build configuration list for PBXNativeTarget "dining_hall_collectorUITests" */;
			buildPhases = (
				CB20711F2D94CC6D0007322C /* Sources */,
				CB2071202D94CC6D0007322C /* Frameworks */,
				CB2071212D94CC6D0007322C /* Resources */,
			);
			buildRules = (
			);
			dependencies = (
				CB2071252D94CC6D0007322C /* PBXTargetDependency */,
			);
			fileSystemSynchronizedGroups = (
				CB2071262D94CC6D0007322C /* dining_hall_collectorUITests */,
			);
			name = dining_hall_collectorUITests;
			packageProductDependencies = (
			);
			productName = dining_hall_collectorUITests;
			productReference = CB2071232D94CC6D0007322C /* dining_hall_collectorUITests.xctest */;
			productType = "com.apple.product-type.bundle.ui-testing";
		};
/* End PBXNativeTarget section */

/* Begin PBXProject section */
		CB2071012D94CC6C0007322C /* Project object */ = {
			isa = PBXProject;
			attributes = {
				BuildIndependentTargetsInParallel = 1;
				LastSwiftUpdateCheck = 1620;
				LastUpgradeCheck = 1620;
				TargetAttributes = {
					CB2071082D94CC6C0007322C = {
						CreatedOnToolsVersion = 16.2;
					};
					CB2071182D94CC6D0007322C = {
						CreatedOnToolsVersion = 16.2;
						TestTargetID = CB2071082D94CC6C0007322C;
					};
					CB2071222D94CC6D0007322C = {
						CreatedOnToolsVersion = 16.2;
						TestTargetID = CB2071082D94CC6C0007322C;
					};
				};
			};
			buildConfigurationList = CB2071042D94CC6C0007322C /* Build configuration list for PBXProject "dining_hall_collector" */;
			developmentRegion = en;
			hasScannedForEncodings = 0;
			knownRegions = (
				en,
				Base,
			);
			mainGroup = CB2071002D94CC6C0007322C;
			minimizedProjectReferenceProxies = 1;
			preferredProjectObjectVersion = 77;
			productRefGroup = CB20710A2D94CC6C0007322C /* Products */;
			projectDirPath = "";
			projectRoot = "";
			targets = (
				CB2071082D94CC6C0007322C /* dining_hall_collector */,
				CB2071182D94CC6D0007322C /* dining_hall_collectorTests */,
				CB2071222D94CC6D0007322C /* dining_hall_collectorUITests */,
			);
		};
/* End PBXProject section */

/* Begin PBXResourcesBuildPhase section */
		CB2071072D94CC6C0007322C /* Resources */ = {
			isa = PBXResourcesBuildPhase;
			buildActionMask = 2147483647;
			files = (
			);
			runOnlyForDeploymentPostprocessing = 0;
		};
		CB2071172D94CC6D0007322C /* Resources */ = {
			isa = PBXResourcesBuildPhase;
			buildActionMask = 2147483647;
			files = (
			);
			runOnlyForDeploymentPostprocessing = 0;
		};
		CB2071212D94CC6D0007322C /* Resources */ = {
			isa = PBXResourcesBuildPhase;
			buildActionMask = 2147483647;
			files = (
			);
			runOnlyForDeploymentPostprocessing = 0;
		};
/* End PBXResourcesBuildPhase section */

/* Begin PBXSourcesBuildPhase section */
		CB2071052D94CC6C0007322C /* Sources */ = {
			isa = PBXSourcesBuildPhase;
			buildActionMask = 2147483647;
			files = (
			);
			runOnlyForDeploymentPostprocessing = 0;
		};
		CB2071152D94CC6D0007322C /* Sources */ = {
			isa = PBXSourcesBuildPhase;
			buildActionMask = 2147483647;
			files = (
			);
			runOnlyForDeploymentPostprocessing = 0;
		};
		CB20711F2D94CC6D0007322C /* Sources */ = {
			isa = PBXSourcesBuildPhase;
			buildActionMask = 2147483647;
			files = (
			);
			runOnlyForDeploymentPostprocessing = 0;
		};
/* End PBXSourcesBuildPhase section */

/* Begin PBXTargetDependency section */
		CB20711B2D94CC6D0007322C /* PBXTargetDependency */ = {
			isa = PBXTargetDependency;
			target = CB2071082D94CC6C0007322C /* dining_hall_collector */;
			targetProxy = CB20711A2D94CC6D0007322C /* PBXContainerItemProxy */;
		};
		CB2071252D94CC6D0007322C /* PBXTargetDependency */ = {
			isa = PBXTargetDependency;
			target = CB2071082D94CC6C0007322C /* dining_hall_collector */;
			targetProxy = CB2071242D94CC6D0007322C /* PBXContainerItemProxy */;
		};
/* End PBXTargetDependency section */

/* Begin XCBuildConfiguration section */
		CB20712B2D94CC6D0007322C /* Debug */ = {
			isa = XCBuildConfiguration;
			buildSettings = {
				ALWAYS_SEARCH_USER_PATHS = NO;
				ASSETCATALOG_COMPILER_GENERATE_SWIFT_ASSET_SYMBOL_EXTENSIONS = YES;
				CLANG_ANALYZER_NONNULL = YES;
				CLANG_ANALYZER_NUMBER_OBJECT_CONVERSION = YES_AGGRESSIVE;
				CLANG_CXX_LANGUAGE_STANDARD = "gnu++20";
				CLANG_ENABLE_MODULES = YES;
				CLANG_ENABLE_OBJC_ARC = YES;
				CLANG_ENABLE_OBJC_WEAK = YES;
				CLANG_WARN_BLOCK_CAPTURE_AUTORELEASING = YES;
				CLANG_WARN_BOOL_CONVERSION = YES;
				CLANG_WARN_COMMA = YES;
				CLANG_WARN_CONSTANT_CONVERSION = YES;
				CLANG_WARN_DEPRECATED_OBJC_IMPLEMENTATIONS = YES;
				CLANG_WARN_DIRECT_OBJC_ISA_USAGE = YES_ERROR;
				CLANG_WARN_DOCUMENTATION_COMMENTS = YES;
				CLANG_WARN_EMPTY_BODY = YES;
				CLANG_WARN_ENUM_CONVERSION = YES;
				CLANG_WARN_INFINITE_RECURSION = YES;
				CLANG_WARN_INT_CONVERSION = YES;
				CLANG_WARN_NON_LITERAL_NULL_CONVERSION = YES;
				CLANG_WARN_OBJC_IMPLICIT_RETAIN_SELF = YES;
				CLANG_WARN_OBJC_LITERAL_CONVERSION = YES;
				CLANG_WARN_OBJC_ROOT_CLASS = YES_ERROR;
				CLANG_WARN_QUOTED_INCLUDE_IN_FRAMEWORK_HEADER = YES;
				CLANG_WARN_RANGE_LOOP_ANALYSIS = YES;
				CLANG_WARN_STRICT_PROTOTYPES = YES;
				CLANG_WARN_SUSPICIOUS_MOVE = YES;
				CLANG_WARN_UNGUARDED_AVAILABILITY = YES_AGGRESSIVE;
				CLANG_WARN_UNREACHABLE_CODE = YES;
				CLANG_WARN__DUPLICATE_METHOD_MATCH = YES;
				COPY_PHASE_STRIP = NO;
				DEBUG_INFORMATION_FORMAT = dwarf;
				ENABLE_STRICT_OBJC_MSGSEND = YES;
				ENABLE_TESTABILITY = YES;
				ENABLE_USER_SCRIPT_SANDBOXING = YES;
				GCC_C_LANGUAGE_STANDARD = gnu17;
				GCC_DYNAMIC_NO_PIC = NO;
				GCC_NO_COMMON_BLOCKS = YES;
				GCC_OPTIMIZATION_LEVEL = 0;
				GCC_PREPROCESSOR_DEFINITIONS = (
					"DEBUG=1",
					"$(inherited)",
				);
				GCC_WARN_64_TO_32_BIT_CONVERSION = YES;
				GCC_WARN_ABOUT_RETURN_TYPE = YES_ERROR;
				GCC_WARN_UNDECLARED_SELECTOR = YES;
				GCC_WARN_UNINITIALIZED_AUTOS = YES_AGGRESSIVE;
				GCC_WARN_UNUSED_FUNCTION = YES;
				GCC_WARN_UNUSED_VARIABLE = YES;
				IPHONEOS_DEPLOYMENT_TARGET = 18.2;
				LOCALIZATION_PREFERS_STRING_CATALOGS = YES;
				MTL_ENABLE_DEBUG_INFO = INCLUDE_SOURCE;
				MTL_FAST_MATH = YES;
				ONLY_ACTIVE_ARCH = YES;
				SDKROOT = iphoneos;
				SWIFT_ACTIVE_COMPILATION_CONDITIONS = "DEBUG $(inherited)";
				SWIFT_OPTIMIZATION_LEVEL = "-Onone";
			};
			name = Debug;
		};
		CB20712C2D94CC6D0007322C /* Release */ = {
			isa = XCBuildConfiguration;
			buildSettings = {
				ALWAYS_SEARCH_USER_PATHS = NO;
				ASSETCATALOG_COMPILER_GENERATE_SWIFT_ASSET_SYMBOL_EXTENSIONS = YES;
				CLANG_ANALYZER_NONNULL = YES;
				CLANG_ANALYZER_NUMBER_OBJECT_CONVERSION = YES_AGGRESSIVE;
				CLANG_CXX_LANGUAGE_STANDARD = "gnu++20";
				CLANG_ENABLE_MODULES = YES;
				CLANG_ENABLE_OBJC_ARC = YES;
				CLANG_ENABLE_OBJC_WEAK = YES;
				CLANG_WARN_BLOCK_CAPTURE_AUTORELEASING = YES;
				CLANG_WARN_BOOL_CONVERSION = YES;
				CLANG_WARN_COMMA = YES;
				CLANG_WARN_CONSTANT_CONVERSION = YES;
				CLANG_WARN_DEPRECATED_OBJC_IMPLEMENTATIONS = YES;
				CLANG_WARN_DIRECT_OBJC_ISA_USAGE = YES_ERROR;
				CLANG_WARN_DOCUMENTATION_COMMENTS = YES;
				CLANG_WARN_EMPTY_BODY = YES;
				CLANG_WARN_ENUM_CONVERSION = YES;
				CLANG_WARN_INFINITE_RECURSION = YES;
				CLANG_WARN_INT_CONVERSION = YES;
				CLANG_WARN_NON_LITERAL_NULL_CONVERSION = YES;
				CLANG_WARN_OBJC_IMPLICIT_RETAIN_SELF = YES;
				CLANG_WARN_OBJC_LITERAL_CONVERSION = YES;
				CLANG_WARN_OBJC_ROOT_CLASS = YES_ERROR;
				CLANG_WARN_QUOTED_INCLUDE_IN_FRAMEWORK_HEADER = YES;
				CLANG_WARN_RANGE_LOOP_ANALYSIS = YES;
				CLANG_WARN_STRICT_PROTOTYPES = YES;
				CLANG_WARN_SUSPICIOUS_MOVE = YES;
				CLANG_WARN_UNGUARDED_AVAILABILITY = YES_AGGRESSIVE;
				CLANG_WARN_UNREACHABLE_CODE = YES;
				CLANG_WARN__DUPLICATE_METHOD_MATCH = YES;
				COPY_PHASE_STRIP = NO;
				DEBUG_INFORMATION_FORMAT = "dwarf-with-dsym";
				ENABLE_NS_ASSERTIONS = NO;
				ENABLE_STRICT_OBJC_MSGSEND = YES;
				ENABLE_USER_SCRIPT_SANDBOXING = YES;
				GCC_C_LANGUAGE_STANDARD = gnu17;
				GCC_NO_COMMON_BLOCKS = YES;
				GCC_WARN_64_TO_32_BIT_CONVERSION = YES;
				GCC_WARN_ABOUT_RETURN_TYPE = YES_ERROR;
				GCC_WARN_UNDECLARED_SELECTOR = YES;
				GCC_WARN_UNINITIALIZED_AUTOS = YES_AGGRESSIVE;
				GCC_WARN_UNUSED_FUNCTION = YES;
				GCC_WARN_UNUSED_VARIABLE = YES;
				IPHONEOS_DEPLOYMENT_TARGET = 18.2;
				LOCALIZATION_PREFERS_STRING_CATALOGS = YES;
				MTL_ENABLE_DEBUG_INFO = NO;
				MTL_FAST_MATH = YES;
				SDKROOT = iphoneos;
				SWIFT_COMPILATION_MODE = wholemodule;
				VALIDATE_PRODUCT = YES;
			};
			name = Release;
		};
		CB20712E2D94CC6D0007322C /* Debug */ = {
			isa = XCBuildConfiguration;
			buildSettings = {
				ASSETCATALOG_COMPILER_APPICON_NAME = AppIcon;
				ASSETCATALOG_COMPILER_GLOBAL_ACCENT_COLOR_NAME = AccentColor;
				CODE_SIGN_IDENTITY = "Apple Development";
				CODE_SIGN_STYLE = Automatic;
				CURRENT_PROJECT_VERSION = 1;
				DEVELOPMENT_ASSET_PATHS = "\"dining_hall_collector/Preview Content\"";
				DEVELOPMENT_TEAM = L887MG77F6;
				ENABLE_PREVIEWS = YES;
				GENERATE_INFOPLIST_FILE = YES;
				INFOPLIST_KEY_NSLocationWhenInUseUsageDescription = "Please share your location! Your location is required to collect the dining hall.";
				INFOPLIST_KEY_UIApplicationSceneManifest_Generation = YES;
				INFOPLIST_KEY_UIApplicationSupportsIndirectInputEvents = YES;
				INFOPLIST_KEY_UILaunchScreen_Generation = YES;
				INFOPLIST_KEY_UISupportedInterfaceOrientations_iPad = "UIInterfaceOrientationPortrait UIInterfaceOrientationPortraitUpsideDown UIInterfaceOrientationLandscapeLeft UIInterfaceOrientationLandscapeRight";
				INFOPLIST_KEY_UISupportedInterfaceOrientations_iPhone = "UIInterfaceOrientationPortrait UIInterfaceOrientationLandscapeLeft UIInterfaceOrientationLandscapeRight";
				LD_RUNPATH_SEARCH_PATHS = (
					"$(inherited)",
					"@executable_path/Frameworks",
				);
				MARKETING_VERSION = 1.0;
				PRODUCT_BUNDLE_IDENTIFIER = ani676879787654;
				PRODUCT_NAME = "$(TARGET_NAME)";
				PROVISIONING_PROFILE_SPECIFIER = "";
				SWIFT_EMIT_LOC_STRINGS = YES;
				SWIFT_VERSION = 5.0;
				TARGETED_DEVICE_FAMILY = "1,2";
			};
			name = Debug;
		};
		CB20712F2D94CC6D0007322C /* Release */ = {
			isa = XCBuildConfiguration;
			buildSettings = {
				ASSETCATALOG_COMPILER_APPICON_NAME = AppIcon;
				ASSETCATALOG_COMPILER_GLOBAL_ACCENT_COLOR_NAME = AccentColor;
				CODE_SIGN_IDENTITY = "Apple Development";
				CODE_SIGN_STYLE = Automatic;
				CURRENT_PROJECT_VERSION = 1;
				DEVELOPMENT_ASSET_PATHS = "\"dining_hall_collector/Preview Content\"";
				DEVELOPMENT_TEAM = L887MG77F6;
				ENABLE_PREVIEWS = YES;
				GENERATE_INFOPLIST_FILE = YES;
				INFOPLIST_KEY_NSLocationWhenInUseUsageDescription = "Please share your location! Your location is required to collect the dining hall.";
				INFOPLIST_KEY_UIApplicationSceneManifest_Generation = YES;
				INFOPLIST_KEY_UIApplicationSupportsIndirectInputEvents = YES;
				INFOPLIST_KEY_UILaunchScreen_Generation = YES;
				INFOPLIST_KEY_UISupportedInterfaceOrientations_iPad = "UIInterfaceOrientationPortrait UIInterfaceOrientationPortraitUpsideDown UIInterfaceOrientationLandscapeLeft UIInterfaceOrientationLandscapeRight";
				INFOPLIST_KEY_UISupportedInterfaceOrientations_iPhone = "UIInterfaceOrientationPortrait UIInterfaceOrientationLandscapeLeft UIInterfaceOrientationLandscapeRight";
				LD_RUNPATH_SEARCH_PATHS = (
					"$(inherited)",
					"@executable_path/Frameworks",
				);
				MARKETING_VERSION = 1.0;
				PRODUCT_BUNDLE_IDENTIFIER = ani676879787654;
				PRODUCT_NAME = "$(TARGET_NAME)";
				PROVISIONING_PROFILE_SPECIFIER = "";
				SWIFT_EMIT_LOC_STRINGS = YES;
				SWIFT_VERSION = 5.0;
				TARGETED_DEVICE_FAMILY = "1,2";
			};
			name = Release;
		};
		CB2071312D94CC6D0007322C /* Debug */ = {
			isa = XCBuildConfiguration;
			buildSettings = {
				BUNDLE_LOADER = "$(TEST_HOST)";
				CODE_SIGN_STYLE = Automatic;
				CURRENT_PROJECT_VERSION = 1;
				DEVELOPMENT_TEAM = L887MG77F6;
				GENERATE_INFOPLIST_FILE = YES;
				IPHONEOS_DEPLOYMENT_TARGET = 18.2;
				MARKETING_VERSION = 1.0;
				PRODUCT_BUNDLE_IDENTIFIER = "app.Ani.dining-hall-collectorTests";
				PRODUCT_NAME = "$(TARGET_NAME)";
				SWIFT_EMIT_LOC_STRINGS = NO;
				SWIFT_VERSION = 5.0;
				TARGETED_DEVICE_FAMILY = "1,2";
				TEST_HOST = "$(BUILT_PRODUCTS_DIR)/dining_hall_collector.app/$(BUNDLE_EXECUTABLE_FOLDER_PATH)/dining_hall_collector";
			};
			name = Debug;
		};
		CB2071322D94CC6D0007322C /* Release */ = {
			isa = XCBuildConfiguration;
			buildSettings = {
				BUNDLE_LOADER = "$(TEST_HOST)";
				CODE_SIGN_STYLE = Automatic;
				CURRENT_PROJECT_VERSION = 1;
				DEVELOPMENT_TEAM = L887MG77F6;
				GENERATE_INFOPLIST_FILE = YES;
				IPHONEOS_DEPLOYMENT_TARGET = 18.2;
				MARKETING_VERSION = 1.0;
				PRODUCT_BUNDLE_IDENTIFIER = "app.Ani.dining-hall-collectorTests";
				PRODUCT_NAME = "$(TARGET_NAME)";
				SWIFT_EMIT_LOC_STRINGS = NO;
				SWIFT_VERSION = 5.0;
				TARGETED_DEVICE_FAMILY = "1,2";
				TEST_HOST = "$(BUILT_PRODUCTS_DIR)/dining_hall_collector.app/$(BUNDLE_EXECUTABLE_FOLDER_PATH)/dining_hall_collector";
			};
			name = Release;
		};
		CB2071342D94CC6D0007322C /* Debug */ = {
			isa = XCBuildConfiguration;
			buildSettings = {
				CODE_SIGN_STYLE = Automatic;
				CURRENT_PROJECT_VERSION = 1;
				GENERATE_INFOPLIST_FILE = YES;
				MARKETING_VERSION = 1.0;
				PRODUCT_BUNDLE_IDENTIFIER = "app.Ani.dining-hall-collectorUITests";
				PRODUCT_NAME = "$(TARGET_NAME)";
				SWIFT_EMIT_LOC_STRINGS = NO;
				SWIFT_VERSION = 5.0;
				TARGETED_DEVICE_FAMILY = "1,2";
				TEST_TARGET_NAME = dining_hall_collector;
			};
			name = Debug;
		};
		CB2071352D94CC6D0007322C /* Release */ = {
			isa = XCBuildConfiguration;
			buildSettings = {
				CODE_SIGN_STYLE = Automatic;
				CURRENT_PROJECT_VERSION = 1;
				GENERATE_INFOPLIST_FILE = YES;
				MARKETING_VERSION = 1.0;
				PRODUCT_BUNDLE_IDENTIFIER = "app.Ani.dining-hall-collectorUITests";
				PRODUCT_NAME = "$(TARGET_NAME)";
				SWIFT_EMIT_LOC_STRINGS = NO;
				SWIFT_VERSION = 5.0;
				TARGETED_DEVICE_FAMILY = "1,2";
				TEST_TARGET_NAME = dining_hall_collector;
			};
			name = Release;
		};
/* End XCBuildConfiguration section */

/* Begin XCConfigurationList section */
		CB2071042D94CC6C0007322C /* Build configuration list for PBXProject "dining_hall_collector" */ = {
			isa = XCConfigurationList;
			buildConfigurations = (
				CB20712B2D94CC6D0007322C /* Debug */,
				CB20712C2D94CC6D0007322C /* Release */,
			);
			defaultConfigurationIsVisible = 0;
			defaultConfigurationName = Release;
		};
		CB20712D2D94CC6D0007322C /* Build configuration list for PBXNativeTarget "dining_hall_collector" */ = {
			isa = XCConfigurationList;
			buildConfigurations = (
				CB20712E2D94CC6D0007322C /* Debug */,
				CB20712F2D94CC6D0007322C /* Release */,
			);
			defaultConfigurationIsVisible = 0;
			defaultConfigurationName = Release;
		};
		CB2071302D94CC6D0007322C /* Build configuration list for PBXNativeTarget "dining_hall_collectorTests" */ = {
			isa = XCConfigurationList;
			buildConfigurations = (
				CB2071312D94CC6D0007322C /* Debug */,
				CB2071322D94CC6D0007322C /* Release */,
			);
			defaultConfigurationIsVisible = 0;
			defaultConfigurationName = Release;
		};
		CB2071332D94CC6D0007322C /* Build configuration list for PBXNativeTarget "dining_hall_collectorUITests" */ = {
			isa = XCConfigurationList;
			buildConfigurations = (
				CB2071342D94CC6D0007322C /* Debug */,
				CB2071352D94CC6D0007322C /* Release */,
			);
			defaultConfigurationIsVisible = 0;
			defaultConfigurationName = Release;
		};
/* End XCConfigurationList section */
	};
	rootObject = CB2071012D94CC6C0007322C /* Project object */;
}
